{
  "version": "3",
  "packages": {
    "specifiers": {
      "jsr:@std/path@^1.0.2": "jsr:@std/path@1.0.2",
      "npm:fuse.js": "npm:fuse.js@7.0.0"
    },
    "jsr": {
      "@std/path@1.0.2": {
        "integrity": "a452174603f8c620bd278a380c596437a9eef50c891c64b85812f735245d9ec7"
      }
    },
    "npm": {
      "fuse.js@7.0.0": {
        "integrity": "sha512-14F4hBIxqKvD4Zz/XjDc3y94mNZN6pRv3U13Udo0lNLCWRBUsrMv2xwcF/y/Z5sV6+FQW+/ow68cHpm4sunt8Q==",
        "dependencies": {}
      }
    }
  },
  "remote": {},
  "workspace": {
    "dependencies": [
      "jsr:@std/path@^1.0.2"
    ]
  }
}
